// !$*UTF8*$!
{
	archiveVersion = 1;
	classes = {
	};
	objectVersion = 46;
	objects = {

/* Begin PBXBuildFile section */
		A31EEBD51EA8A7A400C8EFDB /* AppDelegate.swift in Sources */ = {isa = PBXBuildFile; fileRef = A31EEBD41EA8A7A400C8EFDB /* AppDelegate.swift */; };
		A31EEBD71EA8A7A400C8EFDB /* ViewController.swift in Sources */ = {isa = PBXBuildFile; fileRef = A31EEBD61EA8A7A400C8EFDB /* ViewController.swift */; };
		A31EEBDA1EA8A7A400C8EFDB /* Main.storyboard in Resources */ = {isa = PBXBuildFile; fileRef = A31EEBD81EA8A7A400C8EFDB /* Main.storyboard */; };
		A31EEBDC1EA8A7A400C8EFDB /* Assets.xcassets in Resources */ = {isa = PBXBuildFile; fileRef = A31EEBDB1EA8A7A400C8EFDB /* Assets.xcassets */; };
		A31EEBDF1EA8A7A400C8EFDB /* LaunchScreen.storyboard in Resources */ = {isa = PBXBuildFile; fileRef = A31EEBDD1EA8A7A400C8EFDB /* LaunchScreen.storyboard */; };
		A31EEBEE1EA8A7E700C8EFDB /* Default-568h@2x.png in Resources */ = {isa = PBXBuildFile; fileRef = A31EEBE81EA8A7E700C8EFDB /* Default-568h@2x.png */; };
		A31EEBEF1EA8A7E700C8EFDB /* Default-667h@2x.png in Resources */ = {isa = PBXBuildFile; fileRef = A31EEBE91EA8A7E700C8EFDB /* Default-667h@2x.png */; };
		A31EEBF01EA8A7E700C8EFDB /* Default-736h@3x.png in Resources */ = {isa = PBXBuildFile; fileRef = A31EEBEA1EA8A7E700C8EFDB /* Default-736h@3x.png */; };
		A31EEBF11EA8A7E700C8EFDB /* fin.png in Resources */ = {isa = PBXBuildFile; fileRef = A31EEBEB1EA8A7E700C8EFDB /* fin.png */; };
		A31EEBF21EA8A7E700C8EFDB /* title_logo.png in Resources */ = {isa = PBXBuildFile; fileRef = A31EEBEC1EA8A7E700C8EFDB /* title_logo.png */; };
		A31EEBF31EA8A7E700C8EFDB /* word_blank.png in Resources */ = {isa = PBXBuildFile; fileRef = A31EEBED1EA8A7E700C8EFDB /* word_blank.png */; };
		A31EEBF51EA8ABC800C8EFDB /* start.png in Resources */ = {isa = PBXBuildFile; fileRef = A31EEBF41EA8ABC800C8EFDB /* start.png */; };
		A31EEBF71EA8C45600C8EFDB /* QuestionViewController.swift in Sources */ = {isa = PBXBuildFile; fileRef = A31EEBF61EA8C45600C8EFDB /* QuestionViewController.swift */; };
		A31EEBF91EA8C4A100C8EFDB /* FinishViewController.swift in Sources */ = {isa = PBXBuildFile; fileRef = A31EEBF81EA8C4A100C8EFDB /* FinishViewController.swift */; };
		A31EEBFB1EA8C4D700C8EFDB /* ListTableTableViewController.swift in Sources */ = {isa = PBXBuildFile; fileRef = A31EEBFA1EA8C4D700C8EFDB /* ListTableTableViewController.swift */; };
		A31EEBFD1EA8C50500C8EFDB /* AddViewController.swift in Sources */ = {isa = PBXBuildFile; fileRef = A31EEBFC1EA8C50500C8EFDB /* AddViewController.swift */; };
		A31EEC001EA8EAC100C8EFDB /* ListTableViewCell.swift in Sources */ = {isa = PBXBuildFile; fileRef = A31EEBFE1EA8EAC100C8EFDB /* ListTableViewCell.swift */; };
		A31EEC011EA8EAC100C8EFDB /* ListTableViewCell.xib in Resources */ = {isa = PBXBuildFile; fileRef = A31EEBFF1EA8EAC100C8EFDB /* ListTableViewCell.xib */; };
/* End PBXBuildFile section */

/* Begin PBXFileReference section */
		A31EEBD11EA8A7A400C8EFDB /* Wordlist.app */ = {isa = PBXFileReference; explicitFileType = wrapper.application; includeInIndex = 0; path = Wordlist.app; sourceTree = BUILT_PRODUCTS_DIR; };
		A31EEBD41EA8A7A400C8EFDB /* AppDelegate.swift */ = {isa = PBXFileReference; lastKnownFileType = sourcecode.swift; path = AppDelegate.swift; sourceTree = "<group>"; };
		A31EEBD61EA8A7A400C8EFDB /* ViewController.swift */ = {isa = PBXFileReference; lastKnownFileType = sourcecode.swift; path = ViewController.swift; sourceTree = "<group>"; };
		A31EEBD91EA8A7A400C8EFDB /* Base */ = {isa = PBXFileReference; lastKnownFileType = file.storyboard; name = Base; path = Base.lproj/Main.storyboard; sourceTree = "<group>"; };
		A31EEBDB1EA8A7A400C8EFDB /* Assets.xcassets */ = {isa = PBXFileReference; lastKnownFileType = folder.assetcatalog; path = Assets.xcassets; sourceTree = "<group>"; };
		A31EEBDE1EA8A7A400C8EFDB /* Base */ = {isa = PBXFileReference; lastKnownFileType = file.storyboard; name = Base; path = Base.lproj/LaunchScreen.storyboard; sourceTree = "<group>"; };
		A31EEBE01EA8A7A400C8EFDB /* Info.plist */ = {isa = PBXFileReference; lastKnownFileType = text.plist.xml; path = Info.plist; sourceTree = "<group>"; };
		A31EEBE81EA8A7E700C8EFDB /* Default-568h@2x.png */ = {isa = PBXFileReference; lastKnownFileType = image.png; path = "Default-568h@2x.png"; sourceTree = "<group>"; };
		A31EEBE91EA8A7E700C8EFDB /* Default-667h@2x.png */ = {isa = PBXFileReference; lastKnownFileType = image.png; path = "Default-667h@2x.png"; sourceTree = "<group>"; };
		A31EEBEA1EA8A7E700C8EFDB /* Default-736h@3x.png */ = {isa = PBXFileReference; lastKnownFileType = image.png; path = "Default-736h@3x.png"; sourceTree = "<group>"; };
		A31EEBEB1EA8A7E700C8EFDB /* fin.png */ = {isa = PBXFileReference; lastKnownFileType = image.png; path = fin.png; sourceTree = "<group>"; };
		A31EEBEC1EA8A7E700C8EFDB /* title_logo.png */ = {isa = PBXFileReference; lastKnownFileType = image.png; path = title_logo.png; sourceTree = "<group>"; };
		A31EEBED1EA8A7E700C8EFDB /* word_blank.png */ = {isa = PBXFileReference; lastKnownFileType = image.png; path = word_blank.png; sourceTree = "<group>"; };
		A31EEBF41EA8ABC800C8EFDB /* start.png */ = {isa = PBXFileReference; lastKnownFileType = image.png; path = start.png; sourceTree = "<group>"; };
		A31EEBF61EA8C45600C8EFDB /* QuestionViewController.swift */ = {isa = PBXFileReference; fileEncoding = 4; lastKnownFileType = sourcecode.swift; path = QuestionViewController.swift; sourceTree = "<group>"; };
		A31EEBF81EA8C4A100C8EFDB /* FinishViewController.swift */ = {isa = PBXFileReference; fileEncoding = 4; lastKnownFileType = sourcecode.swift; path = FinishViewController.swift; sourceTree = "<group>"; };
		A31EEBFA1EA8C4D700C8EFDB /* ListTableTableViewController.swift */ = {isa = PBXFileReference; fileEncoding = 4; lastKnownFileType = sourcecode.swift; path = ListTableTableViewController.swift; sourceTree = "<group>"; };
		A31EEBFC1EA8C50500C8EFDB /* AddViewController.swift */ = {isa = PBXFileReference; fileEncoding = 4; lastKnownFileType = sourcecode.swift; path = AddViewController.swift; sourceTree = "<group>"; };
		A31EEBFE1EA8EAC100C8EFDB /* ListTableViewCell.swift */ = {isa = PBXFileReference; fileEncoding = 4; lastKnownFileType = sourcecode.swift; path = ListTableViewCell.swift; sourceTree = "<group>"; };
		A31EEBFF1EA8EAC100C8EFDB /* ListTableViewCell.xib */ = {isa = PBXFileReference; fileEncoding = 4; lastKnownFileType = file.xib; path = ListTableViewCell.xib; sourceTree = "<group>"; };
/* End PBXFileReference section */

/* Begin PBXFrameworksBuildPhase section */
		A31EEBCE1EA8A7A400C8EFDB /* Frameworks */ = {
			isa = PBXFrameworksBuildPhase;
			buildActionMask = 2147483647;
			files = (
			);
			runOnlyForDeploymentPostprocessing = 0;
		};
/* End PBXFrameworksBuildPhase section */

/* Begin PBXGroup section */
		A31EEBC81EA8A7A400C8EFDB = {
			isa = PBXGroup;
			children = (
				A31EEBD31EA8A7A400C8EFDB /* Wordlist */,
				A31EEBD21EA8A7A400C8EFDB /* Products */,
			);
			sourceTree = "<group>";
		};
		A31EEBD21EA8A7A400C8EFDB /* Products */ = {
			isa = PBXGroup;
			children = (
				A31EEBD11EA8A7A400C8EFDB /* Wordlist.app */,
			);
			name = Products;
			sourceTree = "<group>";
		};
		A31EEBD31EA8A7A400C8EFDB /* Wordlist */ = {
			isa = PBXGroup;
			children = (
				A31EEBE61EA8A7E700C8EFDB /* WordList素材 */,
				A31EEBD41EA8A7A400C8EFDB /* AppDelegate.swift */,
				A31EEBD61EA8A7A400C8EFDB /* ViewController.swift */,
				A31EEBD81EA8A7A400C8EFDB /* Main.storyboard */,
				A31EEBDB1EA8A7A400C8EFDB /* Assets.xcassets */,
				A31EEBDD1EA8A7A400C8EFDB /* LaunchScreen.storyboard */,
				A31EEBE01EA8A7A400C8EFDB /* Info.plist */,
				A31EEBF61EA8C45600C8EFDB /* QuestionViewController.swift */,
				A31EEBF81EA8C4A100C8EFDB /* FinishViewController.swift */,
				A31EEBFA1EA8C4D700C8EFDB /* ListTableTableViewController.swift */,
				A31EEBFC1EA8C50500C8EFDB /* AddViewController.swift */,
				A31EEBFE1EA8EAC100C8EFDB /* ListTableViewCell.swift */,
				A31EEBFF1EA8EAC100C8EFDB /* ListTableViewCell.xib */,
			);
			path = Wordlist;
			sourceTree = "<group>";
		};
		A31EEBE61EA8A7E700C8EFDB /* WordList素材 */ = {
			isa = PBXGroup;
			children = (
				A31EEBF41EA8ABC800C8EFDB /* start.png */,
				A31EEBE71EA8A7E700C8EFDB /* Defaults */,
				A31EEBEB1EA8A7E700C8EFDB /* fin.png */,
				A31EEBEC1EA8A7E700C8EFDB /* title_logo.png */,
				A31EEBED1EA8A7E700C8EFDB /* word_blank.png */,
			);
			path = "WordList素材";
			sourceTree = "<group>";
		};
		A31EEBE71EA8A7E700C8EFDB /* Defaults */ = {
			isa = PBXGroup;
			children = (
				A31EEBE81EA8A7E700C8EFDB /* Default-568h@2x.png */,
				A31EEBE91EA8A7E700C8EFDB /* Default-667h@2x.png */,
				A31EEBEA1EA8A7E700C8EFDB /* Default-736h@3x.png */,
			);
			path = Defaults;
			sourceTree = "<group>";
		};
/* End PBXGroup section */

/* Begin PBXNativeTarget section */
		A31EEBD01EA8A7A400C8EFDB /* Wordlist */ = {
			isa = PBXNativeTarget;
			buildConfigurationList = A31EEBE31EA8A7A400C8EFDB /* Build configuration list for PBXNativeTarget "Wordlist" */;
			buildPhases = (
				A31EEBCD1EA8A7A400C8EFDB /* Sources */,
				A31EEBCE1EA8A7A400C8EFDB /* Frameworks */,
				A31EEBCF1EA8A7A400C8EFDB /* Resources */,
			);
			buildRules = (
			);
			dependencies = (
			);
			name = Wordlist;
			productName = Wordlist;
			productReference = A31EEBD11EA8A7A400C8EFDB /* Wordlist.app */;
			productType = "com.apple.product-type.application";
		};
/* End PBXNativeTarget section */

/* Begin PBXProject section */
		A31EEBC91EA8A7A400C8EFDB /* Project object */ = {
			isa = PBXProject;
			attributes = {
				LastSwiftUpdateCheck = 0830;
				LastUpgradeCheck = 0830;
				ORGANIZATIONNAME = "小島光平";
				TargetAttributes = {
					A31EEBD01EA8A7A400C8EFDB = {
						CreatedOnToolsVersion = 8.3.2;
						DevelopmentTeam = PLRTA5B4ZM;
						ProvisioningStyle = Automatic;
					};
				};
			};
			buildConfigurationList = A31EEBCC1EA8A7A400C8EFDB /* Build configuration list for PBXProject "Wordlist" */;
			compatibilityVersion = "Xcode 3.2";
			developmentRegion = English;
			hasScannedForEncodings = 0;
			knownRegions = (
				en,
				Base,
			);
			mainGroup = A31EEBC81EA8A7A400C8EFDB;
			productRefGroup = A31EEBD21EA8A7A400C8EFDB /* Products */;
			projectDirPath = "";
			projectRoot = "";
			targets = (
				A31EEBD01EA8A7A400C8EFDB /* Wordlist */,
			);
		};
/* End PBXProject section */

/* Begin PBXResourcesBuildPhase section */
		A31EEBCF1EA8A7A400C8EFDB /* Resources */ = {
			isa = PBXResourcesBuildPhase;
			buildActionMask = 2147483647;
			files = (
				A31EEBDF1EA8A7A400C8EFDB /* LaunchScreen.storyboard in Resources */,
				A31EEBF11EA8A7E700C8EFDB /* fin.png in Resources */,
				A31EEBF51EA8ABC800C8EFDB /* start.png in Resources */,
				A31EEBEE1EA8A7E700C8EFDB /* Default-568h@2x.png in Resources */,
				A31EEBF21EA8A7E700C8EFDB /* title_logo.png in Resources */,
				A31EEBDC1EA8A7A400C8EFDB /* Assets.xcassets in Resources */,
				A31EEBF31EA8A7E700C8EFDB /* word_blank.png in Resources */,
				A31EEBDA1EA8A7A400C8EFDB /* Main.storyboard in Resources */,
				A31EEC011EA8EAC100C8EFDB /* ListTableViewCell.xib in Resources */,
				A31EEBEF1EA8A7E700C8EFDB /* Default-667h@2x.png in Resources */,
				A31EEBF01EA8A7E700C8EFDB /* Default-736h@3x.png in Resources */,
			);
			runOnlyForDeploymentPostprocessing = 0;
		};
/* End PBXResourcesBuildPhase section */

/* Begin PBXSourcesBuildPhase section */
		A31EEBCD1EA8A7A400C8EFDB /* Sources */ = {
			isa = PBXSourcesBuildPhase;
			buildActionMask = 2147483647;
			files = (
				A31EEC001EA8EAC100C8EFDB /* ListTableViewCell.swift in Sources */,
				A31EEBD71EA8A7A400C8EFDB /* ViewController.swift in Sources */,
				A31EEBF91EA8C4A100C8EFDB /* FinishViewController.swift in Sources */,
				A31EEBFD1EA8C50500C8EFDB /* AddViewController.swift in Sources */,
				A31EEBD51EA8A7A400C8EFDB /* AppDelegate.swift in Sources */,
				A31EEBF71EA8C45600C8EFDB /* QuestionViewController.swift in Sources */,
				A31EEBFB1EA8C4D700C8EFDB /* ListTableTableViewController.swift in Sources */,
			);
			runOnlyForDeploymentPostprocessing = 0;
		};
/* End PBXSourcesBuildPhase section */

/* Begin PBXVariantGroup section */
		A31EEBD81EA8A7A400C8EFDB /* Main.storyboard */ = {
			isa = PBXVariantGroup;
			children = (
				A31EEBD91EA8A7A400C8EFDB /* Base */,
			);
			name = Main.storyboard;
			sourceTree = "<group>";
		};
		A31EEBDD1EA8A7A400C8EFDB /* LaunchScreen.storyboard */ = {
			isa = PBXVariantGroup;
			children = (
				A31EEBDE1EA8A7A400C8EFDB /* Base */,
			);
			name = LaunchScreen.storyboard;
			sourceTree = "<group>";
		};
/* End PBXVariantGroup section */

/* Begin XCBuildConfiguration section */
		A31EEBE11EA8A7A400C8EFDB /* Debug */ = {
			isa = XCBuildConfiguration;
			buildSettings = {
				ALWAYS_SEARCH_USER_PATHS = NO;
				CLANG_ANALYZER_NONNULL = YES;
				CLANG_ANALYZER_NUMBER_OBJECT_CONVERSION = YES_AGGRESSIVE;
				CLANG_CXX_LANGUAGE_STANDARD = "gnu++0x";
				CLANG_CXX_LIBRARY = "libc++";
				CLANG_ENABLE_MODULES = YES;
				CLANG_ENABLE_OBJC_ARC = YES;
				CLANG_WARN_BOOL_CONVERSION = YES;
				CLANG_WARN_CONSTANT_CONVERSION = YES;
				CLANG_WARN_DIRECT_OBJC_ISA_USAGE = YES_ERROR;
				CLANG_WARN_DOCUMENTATION_COMMENTS = YES;
				CLANG_WARN_EMPTY_BODY = YES;
				CLANG_WARN_ENUM_CONVERSION = YES;
				CLANG_WARN_INFINITE_RECURSION = YES;
				CLANG_WARN_INT_CONVERSION = YES;
				CLANG_WARN_OBJC_ROOT_CLASS = YES_ERROR;
				CLANG_WARN_SUSPICIOUS_MOVE = YES;
				CLANG_WARN_UNREACHABLE_CODE = YES;
				CLANG_WARN__DUPLICATE_METHOD_MATCH = YES;
				"CODE_SIGN_IDENTITY[sdk=iphoneos*]" = "iPhone Developer";
				COPY_PHASE_STRIP = NO;
				DEBUG_INFORMATION_FORMAT = dwarf;
				ENABLE_STRICT_OBJC_MSGSEND = YES;
				ENABLE_TESTABILITY = YES;
				GCC_C_LANGUAGE_STANDARD = gnu99;
				GCC_DYNAMIC_NO_PIC = NO;
				GCC_NO_COMMON_BLOCKS = YES;
				GCC_OPTIMIZATION_LEVEL = 0;
				GCC_PREPROCESSOR_DEFINITIONS = (
					"DEBUG=1",
					"$(inherited)",
				);
				GCC_WARN_64_TO_32_BIT_CONVERSION = YES;
				GCC_WARN_ABOUT_RETURN_TYPE = YES_ERROR;
				GCC_WARN_UNDECLARED_SELECTOR = YES;
				GCC_WARN_UNINITIALIZED_AUTOS = YES_AGGRESSIVE;
				GCC_WARN_UNUSED_FUNCTION = YES;
				GCC_WARN_UNUSED_VARIABLE = YES;
				IPHONEOS_DEPLOYMENT_TARGET = 10.3;
				MTL_ENABLE_DEBUG_INFO = YES;
				ONLY_ACTIVE_ARCH = YES;
				SDKROOT = iphoneos;
				SWIFT_ACTIVE_COMPILATION_CONDITIONS = DEBUG;
				SWIFT_OPTIMIZATION_LEVEL = "-Onone";
			};
			name = Debug;
		};
		A31EEBE21EA8A7A400C8EFDB /* Release */ = {
			isa = XCBuildConfiguration;
			buildSettings = {
				ALWAYS_SEARCH_USER_PATHS = NO;
				CLANG_ANALYZER_NONNULL = YES;
				CLANG_ANALYZER_NUMBER_OBJECT_CONVERSION = YES_AGGRESSIVE;
				CLANG_CXX_LANGUAGE_STANDARD = "gnu++0x";
				CLANG_CXX_LIBRARY = "libc++";
				CLANG_ENABLE_MODULES = YES;
				CLANG_ENABLE_OBJC_ARC = YES;
				CLANG_WARN_BOOL_CONVERSION = YES;
				CLANG_WARN_CONSTANT_CONVERSION = YES;
				CLANG_WARN_DIRECT_OBJC_ISA_USAGE = YES_ERROR;
				CLANG_WARN_DOCUMENTATION_COMMENTS = YES;
				CLANG_WARN_EMPTY_BODY = YES;
				CLANG_WARN_ENUM_CONVERSION = YES;
				CLANG_WARN_INFINITE_RECURSION = YES;
				CLANG_WARN_INT_CONVERSION = YES;
				CLANG_WARN_OBJC_ROOT_CLASS = YES_ERROR;
				CLANG_WARN_SUSPICIOUS_MOVE = YES;
				CLANG_WARN_UNREACHABLE_CODE = YES;
				CLANG_WARN__DUPLICATE_METHOD_MATCH = YES;
				"CODE_SIGN_IDENTITY[sdk=iphoneos*]" = "iPhone Developer";
				COPY_PHASE_STRIP = NO;
				DEBUG_INFORMATION_FORMAT = "dwarf-with-dsym";
				ENABLE_NS_ASSERTIONS = NO;
				ENABLE_STRICT_OBJC_MSGSEND = YES;
				GCC_C_LANGUAGE_STANDARD = gnu99;
				GCC_NO_COMMON_BLOCKS = YES;
				GCC_WARN_64_TO_32_BIT_CONVERSION = YES;
				GCC_WARN_ABOUT_RETURN_TYPE = YES_ERROR;
				GCC_WARN_UNDECLARED_SELECTOR = YES;
				GCC_WARN_UNINITIALIZED_AUTOS = YES_AGGRESSIVE;
				GCC_WARN_UNUSED_FUNCTION = YES;
				GCC_WARN_UNUSED_VARIABLE = YES;
				IPHONEOS_DEPLOYMENT_TARGET = 10.3;
				MTL_ENABLE_DEBUG_INFO = NO;
				SDKROOT = iphoneos;
				SWIFT_OPTIMIZATION_LEVEL = "-Owholemodule";
				VALIDATE_PRODUCT = YES;
			};
			name = Release;
		};
		A31EEBE41EA8A7A400C8EFDB /* Debug */ = {
			isa = XCBuildConfiguration;
			buildSettings = {
				ASSETCATALOG_COMPILER_APPICON_NAME = AppIcon;
				DEVELOPMENT_TEAM = PLRTA5B4ZM;
				INFOPLIST_FILE = Wordlist/Info.plist;
				LD_RUNPATH_SEARCH_PATHS = "$(inherited) @executable_path/Frameworks";
				PRODUCT_BUNDLE_IDENTIFIER = com.litech.Wordlist;
				PRODUCT_NAME = "$(TARGET_NAME)";
				SWIFT_VERSION = 3.0;
			};
			name = Debug;
		};
		A31EEBE51EA8A7A400C8EFDB /* Release */ = {
			isa = XCBuildConfiguration;
			buildSettings = {
				ASSETCATALOG_COMPILER_APPICON_NAME = AppIcon;
				DEVELOPMENT_TEAM = PLRTA5B4ZM;
				INFOPLIST_FILE = Wordlist/Info.plist;
				LD_RUNPATH_SEARCH_PATHS = "$(inherited) @executable_path/Frameworks";
				PRODUCT_BUNDLE_IDENTIFIER = com.litech.Wordlist;
				PRODUCT_NAME = "$(TARGET_NAME)";
				SWIFT_VERSION = 3.0;
			};
			name = Release;
		};
/* End XCBuildConfiguration section */

/* Begin XCConfigurationList section */
		A31EEBCC1EA8A7A400C8EFDB /* Build configuration list for PBXProject "Wordlist" */ = {
			isa = XCConfigurationList;
			buildConfigurations = (
				A31EEBE11EA8A7A400C8EFDB /* Debug */,
				A31EEBE21EA8A7A400C8EFDB /* Release */,
			);
			defaultConfigurationIsVisible = 0;
			defaultConfigurationName = Release;
		};
		A31EEBE31EA8A7A400C8EFDB /* Build configuration list for PBXNativeTarget "Wordlist" */ = {
			isa = XCConfigurationList;
			buildConfigurations = (
				A31EEBE41EA8A7A400C8EFDB /* Debug */,
				A31EEBE51EA8A7A400C8EFDB /* Release */,
			);
			defaultConfigurationIsVisible = 0;
		};
/* End XCConfigurationList section */
	};
	rootObject = A31EEBC91EA8A7A400C8EFDB /* Project object */;
}
